{
  "name": "@monkeytype/mono-test",
  "lockfileVersion": 3,
  "requires": true,
  "packages": {
    "": {
      "name": "@monkeytype/mono-test",
      "devDependencies": {
        "@monkeytype/typescript-config": "file:../typescript-config",
        "typescript": "5.5.3"
      }
    },
    "../packages/typescript-config": {
      "extraneous": true
    },
    "../typescript-config": {
      "dev": true
    },
    "node_modules/@monkeytype/typescript-config": {
      "resolved": "../typescript-config",
      "link": true
    },
    "node_modules/typescript": {
      "version": "5.5.3",
      "resolved": "https://registry.npmjs.org/typescript/-/typescript-5.5.3.tgz",
      "integrity": "sha512-/hreyEujaB0w76zKo6717l3L0o/qEUtRgdvUBvlkhoWeOVMjMuHNHk0BRBzikzuGDqNmPQbg5ifMEqsHLiIUcQ==",
      "dev": true,
      "bin": {
        "tsc": "bin/tsc",
        "tsserver": "bin/tsserver"
      },
      "engines": {
        "node": ">=14.17"
      }
    }
  }
}
